PODS:
  - CocoaAsyncSocket (7.5.1):
    - CocoaAsyncSocket/GCD (= 7.5.1)
  - CocoaAsyncSocket/GCD (7.5.1)
  - CocoaHTTPServer (2.3):
    - CocoaAsyncSocket
    - CocoaLumberjack
  - CocoaLumberjack (3.0.0):
    - CocoaLumberjack/Default (= 3.0.0)
    - CocoaLumberjack/Extensions (= 3.0.0)
  - CocoaLumberjack/Core (3.0.0)
  - CocoaLumberjack/Default (3.0.0):
    - CocoaLumberjack/Core
  - CocoaLumberjack/Extensions (3.0.0):
    - CocoaLumberjack/Default
  - FMDB (2.6.2):
    - FMDB/standard (= 2.6.2)
  - FMDB/standard (2.6.2)

DEPENDENCIES:
  - CocoaHTTPServer (from `https://github.com/robbiehanson/CocoaHTTPServer.git`)
  - FMDB

EXTERNAL SOURCES:
  CocoaHTTPServer:
    :git: https://github.com/robbiehanson/CocoaHTTPServer.git

CHECKOUT OPTIONS:
  CocoaHTTPServer:
    :commit: 52b2a64e9cbdb5f09cc915814a5fb68a45dd3707
    :git: https://github.com/robbiehanson/CocoaHTTPServer.git

SPEC CHECKSUMS:
  CocoaAsyncSocket: e0a7e93b2ffa411592ff87e58524fbbc9b95b4fa
  CocoaHTTPServer: 5624681fc3473d43b18202f635f9b3abb013b530
  CocoaLumberjack: c823149bccc5519a9447aeb433be7b1212a7d6a5
  FMDB: 854a0341b4726e53276f2a8996f06f1b80f9259a

PODFILE CHECKSUM: d22593e1f00946fe69ef780ab95ac2577349a967

COCOAPODS: 1.2.0
