PODS:
  - ZFQLog (0.0.1)

DEPENDENCIES:
  - ZFQLog (from `/Users/wecash/Documents/Xcode工程/LogDemo`)

EXTERNAL SOURCES:
  ZFQLog:
    :path: "/Users/wecash/Documents/Xcode工程/LogDemo"

SPEC CHECKSUMS:
  ZFQLog: 2a92740da539309aee7e3b15d0db544aee06acad

PODFILE CHECKSUM: 9110dbdcdc894765cf7d4983e6b2330ca9c4b15c

COCOAPODS: 1.2.0
