// !$*UTF8*$!
{
	archiveVersion = 1;
	classes = {
	};
	objectVersion = 46;
	objects = {

/* Begin PBXBuildFile section */
		1F1F117E1EAA001F009FAED0 /* WiFiViewController.xib in Resources */ = {isa = PBXBuildFile; fileRef = 1F1F117A1EAA001F009FAED0 /* WiFiViewController.xib */; };
		1F1F117F1EAA001F009FAED0 /* WiFiViewController.m in Sources */ = {isa = PBXBuildFile; fileRef = 1F1F117B1EAA001F009FAED0 /* WiFiViewController.m */; };
		1F1F11801EAA001F009FAED0 /* wifi.png in Resources */ = {isa = PBXBuildFile; fileRef = 1F1F117D1EAA001F009FAED0 /* wifi.png */; };
		1F6ED3A51E45D67900CE30CD /* main.m in Sources */ = {isa = PBXBuildFile; fileRef = 1F6ED3A41E45D67900CE30CD /* main.m */; };
		1F6ED3A81E45D67900CE30CD /* AppDelegate.m in Sources */ = {isa = PBXBuildFile; fileRef = 1F6ED3A71E45D67900CE30CD /* AppDelegate.m */; };
		1F6ED3AB1E45D67900CE30CD /* ViewController.m in Sources */ = {isa = PBXBuildFile; fileRef = 1F6ED3AA1E45D67900CE30CD /* ViewController.m */; };
		1F6ED3AE1E45D67900CE30CD /* Main.storyboard in Resources */ = {isa = PBXBuildFile; fileRef = 1F6ED3AC1E45D67900CE30CD /* Main.storyboard */; };
		1F6ED3B01E45D67900CE30CD /* Assets.xcassets in Resources */ = {isa = PBXBuildFile; fileRef = 1F6ED3AF1E45D67900CE30CD /* Assets.xcassets */; };
		1F6ED3B31E45D67900CE30CD /* LaunchScreen.storyboard in Resources */ = {isa = PBXBuildFile; fileRef = 1F6ED3B11E45D67900CE30CD /* LaunchScreen.storyboard */; };
		1F6ED3BE1E45D67900CE30CD /* LogDemoTests.m in Sources */ = {isa = PBXBuildFile; fileRef = 1F6ED3BD1E45D67900CE30CD /* LogDemoTests.m */; };
		1F6ED3C91E45D67900CE30CD /* LogDemoUITests.m in Sources */ = {isa = PBXBuildFile; fileRef = 1F6ED3C81E45D67900CE30CD /* LogDemoUITests.m */; };
		1FB3CB341ED4392F0092012D /* NSString+FileHelp.m in Sources */ = {isa = PBXBuildFile; fileRef = 1FB3CB091ED4392F0092012D /* NSString+FileHelp.m */; };
		1FB3CB351ED4392F0092012D /* NSString+IPAddress.m in Sources */ = {isa = PBXBuildFile; fileRef = 1FB3CB0B1ED4392F0092012D /* NSString+IPAddress.m */; };
		1FB3CB361ED4392F0092012D /* WiFiUploadHTTPConnection.m in Sources */ = {isa = PBXBuildFile; fileRef = 1FB3CB0E1ED4392F0092012D /* WiFiUploadHTTPConnection.m */; };
		1FB3CB371ED4392F0092012D /* ZFQDBPromise.m in Sources */ = {isa = PBXBuildFile; fileRef = 1FB3CB111ED4392F0092012D /* ZFQDBPromise.m */; };
		1FB3CB381ED4392F0092012D /* ZFQFileManager.m in Sources */ = {isa = PBXBuildFile; fileRef = 1FB3CB131ED4392F0092012D /* ZFQFileManager.m */; };
		1FB3CB391ED4392F0092012D /* WiFiUploadFileManager.m in Sources */ = {isa = PBXBuildFile; fileRef = 1FB3CB161ED4392F0092012D /* WiFiUploadFileManager.m */; };
		1FB3CB3A1ED4392F0092012D /* CustomHTTPDataResponse.m in Sources */ = {isa = PBXBuildFile; fileRef = 1FB3CB191ED4392F0092012D /* CustomHTTPDataResponse.m */; };
		1FB3CB3B1ED4392F0092012D /* CustomHTTPFileResponse.m in Sources */ = {isa = PBXBuildFile; fileRef = 1FB3CB1B1ED4392F0092012D /* CustomHTTPFileResponse.m */; };
		1FB3CB3C1ED4392F0092012D /* ServerResponseItem.m in Sources */ = {isa = PBXBuildFile; fileRef = 1FB3CB1D1ED4392F0092012D /* ServerResponseItem.m */; };
		1FB3CB3D1ED4392F0092012D /* ZFQBaseService.m in Sources */ = {isa = PBXBuildFile; fileRef = 1FB3CB211ED4392F0092012D /* ZFQBaseService.m */; };
		1FB3CB3E1ED4392F0092012D /* ZFQDeleteAllFileService.m in Sources */ = {isa = PBXBuildFile; fileRef = 1FB3CB241ED4392F0092012D /* ZFQDeleteAllFileService.m */; };
		1FB3CB3F1ED4392F0092012D /* ZFQDeleteMutiFilesService.m in Sources */ = {isa = PBXBuildFile; fileRef = 1FB3CB261ED4392F0092012D /* ZFQDeleteMutiFilesService.m */; };
		1FB3CB401ED4392F0092012D /* ZFQFileListService.m in Sources */ = {isa = PBXBuildFile; fileRef = 1FB3CB281ED4392F0092012D /* ZFQFileListService.m */; };
		1FB3CB411ED4392F0092012D /* ZFQOperatorFileService.m in Sources */ = {isa = PBXBuildFile; fileRef = 1FB3CB2A1ED4392F0092012D /* ZFQOperatorFileService.m */; };
		1FB3CB421ED4392F0092012D /* ZFQServiceContext.m in Sources */ = {isa = PBXBuildFile; fileRef = 1FB3CB2C1ED4392F0092012D /* ZFQServiceContext.m */; };
		1FB3CB431ED4392F0092012D /* ZFQUploadFileService.m in Sources */ = {isa = PBXBuildFile; fileRef = 1FB3CB2E1ED4392F0092012D /* ZFQUploadFileService.m */; };
		1FB3CB4C1ED43AF80092012D /* ZFQLog.m in Sources */ = {isa = PBXBuildFile; fileRef = 1FB3CB4B1ED43AF80092012D /* ZFQLog.m */; };
		1FB3CB4E1ED43B960092012D /* Web in Resources */ = {isa = PBXBuildFile; fileRef = 1FB3CB4D1ED43B960092012D /* Web */; };
		36BB289B456A4C8CF5307364 /* libPods-LogDemo.a in Frameworks */ = {isa = PBXBuildFile; fileRef = C3521DA705C09602C10FEDBF /* libPods-LogDemo.a */; };
		94F18D5AA82F857196EC7C34 /* libPods-LogDemoTests.a in Frameworks */ = {isa = PBXBuildFile; fileRef = 7B0C366D6AB05FB848A7DA2B /* libPods-LogDemoTests.a */; };
/* End PBXBuildFile section */

/* Begin PBXContainerItemProxy section */
		1F6ED3BA1E45D67900CE30CD /* PBXContainerItemProxy */ = {
			isa = PBXContainerItemProxy;
			containerPortal = 1F6ED3981E45D67900CE30CD /* Project object */;
			proxyType = 1;
			remoteGlobalIDString = 1F6ED39F1E45D67900CE30CD;
			remoteInfo = LogDemo;
		};
		1F6ED3C51E45D67900CE30CD /* PBXContainerItemProxy */ = {
			isa = PBXContainerItemProxy;
			containerPortal = 1F6ED3981E45D67900CE30CD /* Project object */;
			proxyType = 1;
			remoteGlobalIDString = 1F6ED39F1E45D67900CE30CD;
			remoteInfo = LogDemo;
		};
/* End PBXContainerItemProxy section */

/* Begin PBXFileReference section */
		1F1F117A1EAA001F009FAED0 /* WiFiViewController.xib */ = {isa = PBXFileReference; fileEncoding = 4; lastKnownFileType = file.xib; path = WiFiViewController.xib; sourceTree = "<group>"; };
		1F1F117B1EAA001F009FAED0 /* WiFiViewController.m */ = {isa = PBXFileReference; fileEncoding = 4; lastKnownFileType = sourcecode.c.objc; path = WiFiViewController.m; sourceTree = "<group>"; };
		1F1F117C1EAA001F009FAED0 /* WiFiViewController.h */ = {isa = PBXFileReference; fileEncoding = 4; lastKnownFileType = sourcecode.c.h; path = WiFiViewController.h; sourceTree = "<group>"; };
		1F1F117D1EAA001F009FAED0 /* wifi.png */ = {isa = PBXFileReference; lastKnownFileType = image.png; path = wifi.png; sourceTree = "<group>"; };
		1F6ED3A01E45D67900CE30CD /* LogDemo.app */ = {isa = PBXFileReference; explicitFileType = wrapper.application; includeInIndex = 0; path = LogDemo.app; sourceTree = BUILT_PRODUCTS_DIR; };
		1F6ED3A41E45D67900CE30CD /* main.m */ = {isa = PBXFileReference; lastKnownFileType = sourcecode.c.objc; path = main.m; sourceTree = "<group>"; };
		1F6ED3A61E45D67900CE30CD /* AppDelegate.h */ = {isa = PBXFileReference; lastKnownFileType = sourcecode.c.h; path = AppDelegate.h; sourceTree = "<group>"; };
		1F6ED3A71E45D67900CE30CD /* AppDelegate.m */ = {isa = PBXFileReference; lastKnownFileType = sourcecode.c.objc; path = AppDelegate.m; sourceTree = "<group>"; };
		1F6ED3A91E45D67900CE30CD /* ViewController.h */ = {isa = PBXFileReference; lastKnownFileType = sourcecode.c.h; path = ViewController.h; sourceTree = "<group>"; };
		1F6ED3AA1E45D67900CE30CD /* ViewController.m */ = {isa = PBXFileReference; lastKnownFileType = sourcecode.c.objc; path = ViewController.m; sourceTree = "<group>"; };
		1F6ED3AD1E45D67900CE30CD /* Base */ = {isa = PBXFileReference; lastKnownFileType = file.storyboard; name = Base; path = Base.lproj/Main.storyboard; sourceTree = "<group>"; };
		1F6ED3AF1E45D67900CE30CD /* Assets.xcassets */ = {isa = PBXFileReference; lastKnownFileType = folder.assetcatalog; path = Assets.xcassets; sourceTree = "<group>"; };
		1F6ED3B21E45D67900CE30CD /* Base */ = {isa = PBXFileReference; lastKnownFileType = file.storyboard; name = Base; path = Base.lproj/LaunchScreen.storyboard; sourceTree = "<group>"; };
		1F6ED3B41E45D67900CE30CD /* Info.plist */ = {isa = PBXFileReference; lastKnownFileType = text.plist.xml; path = Info.plist; sourceTree = "<group>"; };
		1F6ED3B91E45D67900CE30CD /* LogDemoTests.xctest */ = {isa = PBXFileReference; explicitFileType = wrapper.cfbundle; includeInIndex = 0; path = LogDemoTests.xctest; sourceTree = BUILT_PRODUCTS_DIR; };
		1F6ED3BD1E45D67900CE30CD /* LogDemoTests.m */ = {isa = PBXFileReference; lastKnownFileType = sourcecode.c.objc; path = LogDemoTests.m; sourceTree = "<group>"; };
		1F6ED3BF1E45D67900CE30CD /* Info.plist */ = {isa = PBXFileReference; lastKnownFileType = text.plist.xml; path = Info.plist; sourceTree = "<group>"; };
		1F6ED3C41E45D67900CE30CD /* LogDemoUITests.xctest */ = {isa = PBXFileReference; explicitFileType = wrapper.cfbundle; includeInIndex = 0; path = LogDemoUITests.xctest; sourceTree = BUILT_PRODUCTS_DIR; };
		1F6ED3C81E45D67900CE30CD /* LogDemoUITests.m */ = {isa = PBXFileReference; lastKnownFileType = sourcecode.c.objc; path = LogDemoUITests.m; sourceTree = "<group>"; };
		1F6ED3CA1E45D67900CE30CD /* Info.plist */ = {isa = PBXFileReference; lastKnownFileType = text.plist.xml; path = Info.plist; sourceTree = "<group>"; };
		1FB3CB081ED4392F0092012D /* NSString+FileHelp.h */ = {isa = PBXFileReference; fileEncoding = 4; lastKnownFileType = sourcecode.c.h; path = "NSString+FileHelp.h"; sourceTree = "<group>"; };
		1FB3CB091ED4392F0092012D /* NSString+FileHelp.m */ = {isa = PBXFileReference; fileEncoding = 4; lastKnownFileType = sourcecode.c.objc; path = "NSString+FileHelp.m"; sourceTree = "<group>"; };
		1FB3CB0A1ED4392F0092012D /* NSString+IPAddress.h */ = {isa = PBXFileReference; fileEncoding = 4; lastKnownFileType = sourcecode.c.h; path = "NSString+IPAddress.h"; sourceTree = "<group>"; };
		1FB3CB0B1ED4392F0092012D /* NSString+IPAddress.m */ = {isa = PBXFileReference; fileEncoding = 4; lastKnownFileType = sourcecode.c.objc; path = "NSString+IPAddress.m"; sourceTree = "<group>"; };
		1FB3CB0D1ED4392F0092012D /* WiFiUploadHTTPConnection.h */ = {isa = PBXFileReference; fileEncoding = 4; lastKnownFileType = sourcecode.c.h; path = WiFiUploadHTTPConnection.h; sourceTree = "<group>"; };
		1FB3CB0E1ED4392F0092012D /* WiFiUploadHTTPConnection.m */ = {isa = PBXFileReference; fileEncoding = 4; lastKnownFileType = sourcecode.c.objc; path = WiFiUploadHTTPConnection.m; sourceTree = "<group>"; };
		1FB3CB101ED4392F0092012D /* ZFQDBPromise.h */ = {isa = PBXFileReference; fileEncoding = 4; lastKnownFileType = sourcecode.c.h; path = ZFQDBPromise.h; sourceTree = "<group>"; };
		1FB3CB111ED4392F0092012D /* ZFQDBPromise.m */ = {isa = PBXFileReference; fileEncoding = 4; lastKnownFileType = sourcecode.c.objc; path = ZFQDBPromise.m; sourceTree = "<group>"; };
		1FB3CB121ED4392F0092012D /* ZFQFileManager.h */ = {isa = PBXFileReference; fileEncoding = 4; lastKnownFileType = sourcecode.c.h; path = ZFQFileManager.h; sourceTree = "<group>"; };
		1FB3CB131ED4392F0092012D /* ZFQFileManager.m */ = {isa = PBXFileReference; fileEncoding = 4; lastKnownFileType = sourcecode.c.objc; path = ZFQFileManager.m; sourceTree = "<group>"; };
		1FB3CB151ED4392F0092012D /* WiFiUploadFileManager.h */ = {isa = PBXFileReference; fileEncoding = 4; lastKnownFileType = sourcecode.c.h; path = WiFiUploadFileManager.h; sourceTree = "<group>"; };
		1FB3CB161ED4392F0092012D /* WiFiUploadFileManager.m */ = {isa = PBXFileReference; fileEncoding = 4; lastKnownFileType = sourcecode.c.objc; path = WiFiUploadFileManager.m; sourceTree = "<group>"; };
		1FB3CB181ED4392F0092012D /* CustomHTTPDataResponse.h */ = {isa = PBXFileReference; fileEncoding = 4; lastKnownFileType = sourcecode.c.h; path = CustomHTTPDataResponse.h; sourceTree = "<group>"; };
		1FB3CB191ED4392F0092012D /* CustomHTTPDataResponse.m */ = {isa = PBXFileReference; fileEncoding = 4; lastKnownFileType = sourcecode.c.objc; path = CustomHTTPDataResponse.m; sourceTree = "<group>"; };
		1FB3CB1A1ED4392F0092012D /* CustomHTTPFileResponse.h */ = {isa = PBXFileReference; fileEncoding = 4; lastKnownFileType = sourcecode.c.h; path = CustomHTTPFileResponse.h; sourceTree = "<group>"; };
		1FB3CB1B1ED4392F0092012D /* CustomHTTPFileResponse.m */ = {isa = PBXFileReference; fileEncoding = 4; lastKnownFileType = sourcecode.c.objc; path = CustomHTTPFileResponse.m; sourceTree = "<group>"; };
		1FB3CB1C1ED4392F0092012D /* ServerResponseItem.h */ = {isa = PBXFileReference; fileEncoding = 4; lastKnownFileType = sourcecode.c.h; path = ServerResponseItem.h; sourceTree = "<group>"; };
		1FB3CB1D1ED4392F0092012D /* ServerResponseItem.m */ = {isa = PBXFileReference; fileEncoding = 4; lastKnownFileType = sourcecode.c.objc; path = ServerResponseItem.m; sourceTree = "<group>"; };
		1FB3CB1F1ED4392F0092012D /* ZFQAllResponseService.h */ = {isa = PBXFileReference; fileEncoding = 4; lastKnownFileType = sourcecode.c.h; path = ZFQAllResponseService.h; sourceTree = "<group>"; };
		1FB3CB201ED4392F0092012D /* ZFQBaseService.h */ = {isa = PBXFileReference; fileEncoding = 4; lastKnownFileType = sourcecode.c.h; path = ZFQBaseService.h; sourceTree = "<group>"; };
		1FB3CB211ED4392F0092012D /* ZFQBaseService.m */ = {isa = PBXFileReference; fileEncoding = 4; lastKnownFileType = sourcecode.c.objc; path = ZFQBaseService.m; sourceTree = "<group>"; };
		1FB3CB221ED4392F0092012D /* ZFQConnectionProtocol.h */ = {isa = PBXFileReference; fileEncoding = 4; lastKnownFileType = sourcecode.c.h; path = ZFQConnectionProtocol.h; sourceTree = "<group>"; };
		1FB3CB231ED4392F0092012D /* ZFQDeleteAllFileService.h */ = {isa = PBXFileReference; fileEncoding = 4; lastKnownFileType = sourcecode.c.h; path = ZFQDeleteAllFileService.h; sourceTree = "<group>"; };
		1FB3CB241ED4392F0092012D /* ZFQDeleteAllFileService.m */ = {isa = PBXFileReference; fileEncoding = 4; lastKnownFileType = sourcecode.c.objc; path = ZFQDeleteAllFileService.m; sourceTree = "<group>"; };
		1FB3CB251ED4392F0092012D /* ZFQDeleteMutiFilesService.h */ = {isa = PBXFileReference; fileEncoding = 4; lastKnownFileType = sourcecode.c.h; path = ZFQDeleteMutiFilesService.h; sourceTree = "<group>"; };
		1FB3CB261ED4392F0092012D /* ZFQDeleteMutiFilesService.m */ = {isa = PBXFileReference; fileEncoding = 4; lastKnownFileType = sourcecode.c.objc; path = ZFQDeleteMutiFilesService.m; sourceTree = "<group>"; };
		1FB3CB271ED4392F0092012D /* ZFQFileListService.h */ = {isa = PBXFileReference; fileEncoding = 4; lastKnownFileType = sourcecode.c.h; path = ZFQFileListService.h; sourceTree = "<group>"; };
		1FB3CB281ED4392F0092012D /* ZFQFileListService.m */ = {isa = PBXFileReference; fileEncoding = 4; lastKnownFileType = sourcecode.c.objc; path = ZFQFileListService.m; sourceTree = "<group>"; };
		1FB3CB291ED4392F0092012D /* ZFQOperatorFileService.h */ = {isa = PBXFileReference; fileEncoding = 4; lastKnownFileType = sourcecode.c.h; path = ZFQOperatorFileService.h; sourceTree = "<group>"; };
		1FB3CB2A1ED4392F0092012D /* ZFQOperatorFileService.m */ = {isa = PBXFileReference; fileEncoding = 4; lastKnownFileType = sourcecode.c.objc; path = ZFQOperatorFileService.m; sourceTree = "<group>"; };
		1FB3CB2B1ED4392F0092012D /* ZFQServiceContext.h */ = {isa = PBXFileReference; fileEncoding = 4; lastKnownFileType = sourcecode.c.h; path = ZFQServiceContext.h; sourceTree = "<group>"; };
		1FB3CB2C1ED4392F0092012D /* ZFQServiceContext.m */ = {isa = PBXFileReference; fileEncoding = 4; lastKnownFileType = sourcecode.c.objc; path = ZFQServiceContext.m; sourceTree = "<group>"; };
		1FB3CB2D1ED4392F0092012D /* ZFQUploadFileService.h */ = {isa = PBXFileReference; fileEncoding = 4; lastKnownFileType = sourcecode.c.h; path = ZFQUploadFileService.h; sourceTree = "<group>"; };
		1FB3CB2E1ED4392F0092012D /* ZFQUploadFileService.m */ = {isa = PBXFileReference; fileEncoding = 4; lastKnownFileType = sourcecode.c.objc; path = ZFQUploadFileService.m; sourceTree = "<group>"; };
		1FB3CB4A1ED43AF80092012D /* ZFQLog.h */ = {isa = PBXFileReference; fileEncoding = 4; lastKnownFileType = sourcecode.c.h; path = ZFQLog.h; sourceTree = "<group>"; };
		1FB3CB4B1ED43AF80092012D /* ZFQLog.m */ = {isa = PBXFileReference; fileEncoding = 4; lastKnownFileType = sourcecode.c.objc; path = ZFQLog.m; sourceTree = "<group>"; };
		1FB3CB4D1ED43B960092012D /* Web */ = {isa = PBXFileReference; lastKnownFileType = folder; path = Web; sourceTree = "<group>"; };
		4205B274AE3C6BBCCB495BE0 /* Pods-LogDemo.debug.xcconfig */ = {isa = PBXFileReference; includeInIndex = 1; lastKnownFileType = text.xcconfig; name = "Pods-LogDemo.debug.xcconfig"; path = "Pods/Target Support Files/Pods-LogDemo/Pods-LogDemo.debug.xcconfig"; sourceTree = "<group>"; };
		7B0C366D6AB05FB848A7DA2B /* libPods-LogDemoTests.a */ = {isa = PBXFileReference; explicitFileType = archive.ar; includeInIndex = 0; path = "libPods-LogDemoTests.a"; sourceTree = BUILT_PRODUCTS_DIR; };
		99717B720F4C6098E5A16A85 /* Pods-LogDemoTests.release.xcconfig */ = {isa = PBXFileReference; includeInIndex = 1; lastKnownFileType = text.xcconfig; name = "Pods-LogDemoTests.release.xcconfig"; path = "Pods/Target Support Files/Pods-LogDemoTests/Pods-LogDemoTests.release.xcconfig"; sourceTree = "<group>"; };
		C3521DA705C09602C10FEDBF /* libPods-LogDemo.a */ = {isa = PBXFileReference; explicitFileType = archive.ar; includeInIndex = 0; path = "libPods-LogDemo.a"; sourceTree = BUILT_PRODUCTS_DIR; };
		CE8443CD79B0789455990B0E /* Pods-LogDemo.release.xcconfig */ = {isa = PBXFileReference; includeInIndex = 1; lastKnownFileType = text.xcconfig; name = "Pods-LogDemo.release.xcconfig"; path = "Pods/Target Support Files/Pods-LogDemo/Pods-LogDemo.release.xcconfig"; sourceTree = "<group>"; };
		E2A627236E8909423C7E2736 /* Pods-LogDemoTests.debug.xcconfig */ = {isa = PBXFileReference; includeInIndex = 1; lastKnownFileType = text.xcconfig; name = "Pods-LogDemoTests.debug.xcconfig"; path = "Pods/Target Support Files/Pods-LogDemoTests/Pods-LogDemoTests.debug.xcconfig"; sourceTree = "<group>"; };
/* End PBXFileReference section */

/* Begin PBXFrameworksBuildPhase section */
		1F6ED39D1E45D67900CE30CD /* Frameworks */ = {
			isa = PBXFrameworksBuildPhase;
			buildActionMask = 2147483647;
			files = (
				36BB289B456A4C8CF5307364 /* libPods-LogDemo.a in Frameworks */,
			);
			runOnlyForDeploymentPostprocessing = 0;
		};
		1F6ED3B61E45D67900CE30CD /* Frameworks */ = {
			isa = PBXFrameworksBuildPhase;
			buildActionMask = 2147483647;
			files = (
				94F18D5AA82F857196EC7C34 /* libPods-LogDemoTests.a in Frameworks */,
			);
			runOnlyForDeploymentPostprocessing = 0;
		};
		1F6ED3C11E45D67900CE30CD /* Frameworks */ = {
			isa = PBXFrameworksBuildPhase;
			buildActionMask = 2147483647;
			files = (
			);
			runOnlyForDeploymentPostprocessing = 0;
		};
/* End PBXFrameworksBuildPhase section */

/* Begin PBXGroup section */
		1F6ED3971E45D67900CE30CD = {
			isa = PBXGroup;
			children = (
				1F6ED3A21E45D67900CE30CD /* LogDemo */,
				1F6ED3BC1E45D67900CE30CD /* LogDemoTests */,
				1F6ED3C71E45D67900CE30CD /* LogDemoUITests */,
				1F6ED3A11E45D67900CE30CD /* Products */,
				BD054A2B93B4935BAF4B6092 /* Pods */,
				C69753CE224BAFD79E7787EC /* Frameworks */,
			);
			sourceTree = "<group>";
		};
		1F6ED3A11E45D67900CE30CD /* Products */ = {
			isa = PBXGroup;
			children = (
				1F6ED3A01E45D67900CE30CD /* LogDemo.app */,
				1F6ED3B91E45D67900CE30CD /* LogDemoTests.xctest */,
				1F6ED3C41E45D67900CE30CD /* LogDemoUITests.xctest */,
			);
			name = Products;
			sourceTree = "<group>";
		};
		1F6ED3A21E45D67900CE30CD /* LogDemo */ = {
			isa = PBXGroup;
			children = (
				1FB3CB481ED43AF80092012D /* Utils */,
				1FB3CB061ED4392F0092012D /* WiFiUploadFile */,
				1F1F117A1EAA001F009FAED0 /* WiFiViewController.xib */,
				1F1F117B1EAA001F009FAED0 /* WiFiViewController.m */,
				1F1F117C1EAA001F009FAED0 /* WiFiViewController.h */,
				1F1F117D1EAA001F009FAED0 /* wifi.png */,
				1F6ED3A61E45D67900CE30CD /* AppDelegate.h */,
				1F6ED3A71E45D67900CE30CD /* AppDelegate.m */,
				1F6ED3A91E45D67900CE30CD /* ViewController.h */,
				1F6ED3AA1E45D67900CE30CD /* ViewController.m */,
				1F6ED3AC1E45D67900CE30CD /* Main.storyboard */,
				1F6ED3AF1E45D67900CE30CD /* Assets.xcassets */,
				1F6ED3B11E45D67900CE30CD /* LaunchScreen.storyboard */,
				1F6ED3B41E45D67900CE30CD /* Info.plist */,
				1F6ED3A31E45D67900CE30CD /* Supporting Files */,
			);
			path = LogDemo;
			sourceTree = "<group>";
		};
		1F6ED3A31E45D67900CE30CD /* Supporting Files */ = {
			isa = PBXGroup;
			children = (
				1F6ED3A41E45D67900CE30CD /* main.m */,
			);
			name = "Supporting Files";
			sourceTree = "<group>";
		};
		1F6ED3BC1E45D67900CE30CD /* LogDemoTests */ = {
			isa = PBXGroup;
			children = (
				1F6ED3BD1E45D67900CE30CD /* LogDemoTests.m */,
				1F6ED3BF1E45D67900CE30CD /* Info.plist */,
			);
			path = LogDemoTests;
			sourceTree = "<group>";
		};
		1F6ED3C71E45D67900CE30CD /* LogDemoUITests */ = {
			isa = PBXGroup;
			children = (
				1F6ED3C81E45D67900CE30CD /* LogDemoUITests.m */,
				1F6ED3CA1E45D67900CE30CD /* Info.plist */,
			);
			path = LogDemoUITests;
			sourceTree = "<group>";
		};
		1FB3CB061ED4392F0092012D /* WiFiUploadFile */ = {
			isa = PBXGroup;
			children = (
				1FB3CB4D1ED43B960092012D /* Web */,
				1FB3CB071ED4392F0092012D /* Category */,
				1FB3CB0C1ED4392F0092012D /* Connection */,
				1FB3CB0F1ED4392F0092012D /* FileManager */,
				1FB3CB141ED4392F0092012D /* Manger */,
				1FB3CB171ED4392F0092012D /* Response */,
				1FB3CB1E1ED4392F0092012D /* Service */,
			);
			path = WiFiUploadFile;
			sourceTree = "<group>";
		};
		1FB3CB071ED4392F0092012D /* Category */ = {
			isa = PBXGroup;
			children = (
				1FB3CB081ED4392F0092012D /* NSString+FileHelp.h */,
				1FB3CB091ED4392F0092012D /* NSString+FileHelp.m */,
				1FB3CB0A1ED4392F0092012D /* NSString+IPAddress.h */,
				1FB3CB0B1ED4392F0092012D /* NSString+IPAddress.m */,
			);
			path = Category;
			sourceTree = "<group>";
		};
		1FB3CB0C1ED4392F0092012D /* Connection */ = {
			isa = PBXGroup;
			children = (
				1FB3CB0D1ED4392F0092012D /* WiFiUploadHTTPConnection.h */,
				1FB3CB0E1ED4392F0092012D /* WiFiUploadHTTPConnection.m */,
			);
			path = Connection;
			sourceTree = "<group>";
		};
		1FB3CB0F1ED4392F0092012D /* FileManager */ = {
			isa = PBXGroup;
			children = (
				1FB3CB101ED4392F0092012D /* ZFQDBPromise.h */,
				1FB3CB111ED4392F0092012D /* ZFQDBPromise.m */,
				1FB3CB121ED4392F0092012D /* ZFQFileManager.h */,
				1FB3CB131ED4392F0092012D /* ZFQFileManager.m */,
			);
			path = FileManager;
			sourceTree = "<group>";
		};
		1FB3CB141ED4392F0092012D /* Manger */ = {
			isa = PBXGroup;
			children = (
				1FB3CB151ED4392F0092012D /* WiFiUploadFileManager.h */,
				1FB3CB161ED4392F0092012D /* WiFiUploadFileManager.m */,
			);
			path = Manger;
			sourceTree = "<group>";
		};
		1FB3CB171ED4392F0092012D /* Response */ = {
			isa = PBXGroup;
			children = (
				1FB3CB181ED4392F0092012D /* CustomHTTPDataResponse.h */,
				1FB3CB191ED4392F0092012D /* CustomHTTPDataResponse.m */,
				1FB3CB1A1ED4392F0092012D /* CustomHTTPFileResponse.h */,
				1FB3CB1B1ED4392F0092012D /* CustomHTTPFileResponse.m */,
				1FB3CB1C1ED4392F0092012D /* ServerResponseItem.h */,
				1FB3CB1D1ED4392F0092012D /* ServerResponseItem.m */,
			);
			path = Response;
			sourceTree = "<group>";
		};
		1FB3CB1E1ED4392F0092012D /* Service */ = {
			isa = PBXGroup;
			children = (
				1FB3CB1F1ED4392F0092012D /* ZFQAllResponseService.h */,
				1FB3CB201ED4392F0092012D /* ZFQBaseService.h */,
				1FB3CB211ED4392F0092012D /* ZFQBaseService.m */,
				1FB3CB221ED4392F0092012D /* ZFQConnectionProtocol.h */,
				1FB3CB231ED4392F0092012D /* ZFQDeleteAllFileService.h */,
				1FB3CB241ED4392F0092012D /* ZFQDeleteAllFileService.m */,
				1FB3CB251ED4392F0092012D /* ZFQDeleteMutiFilesService.h */,
				1FB3CB261ED4392F0092012D /* ZFQDeleteMutiFilesService.m */,
				1FB3CB271ED4392F0092012D /* ZFQFileListService.h */,
				1FB3CB281ED4392F0092012D /* ZFQFileListService.m */,
				1FB3CB291ED4392F0092012D /* ZFQOperatorFileService.h */,
				1FB3CB2A1ED4392F0092012D /* ZFQOperatorFileService.m */,
				1FB3CB2B1ED4392F0092012D /* ZFQServiceContext.h */,
				1FB3CB2C1ED4392F0092012D /* ZFQServiceContext.m */,
				1FB3CB2D1ED4392F0092012D /* ZFQUploadFileService.h */,
				1FB3CB2E1ED4392F0092012D /* ZFQUploadFileService.m */,
			);
			path = Service;
			sourceTree = "<group>";
		};
		1FB3CB481ED43AF80092012D /* Utils */ = {
			isa = PBXGroup;
			children = (
				1FB3CB491ED43AF80092012D /* ZFQLog */,
			);
			path = Utils;
			sourceTree = "<group>";
		};
		1FB3CB491ED43AF80092012D /* ZFQLog */ = {
			isa = PBXGroup;
			children = (
				1FB3CB4A1ED43AF80092012D /* ZFQLog.h */,
				1FB3CB4B1ED43AF80092012D /* ZFQLog.m */,
			);
			path = ZFQLog;
			sourceTree = "<group>";
		};
		BD054A2B93B4935BAF4B6092 /* Pods */ = {
			isa = PBXGroup;
			children = (
				4205B274AE3C6BBCCB495BE0 /* Pods-LogDemo.debug.xcconfig */,
				CE8443CD79B0789455990B0E /* Pods-LogDemo.release.xcconfig */,
				E2A627236E8909423C7E2736 /* Pods-LogDemoTests.debug.xcconfig */,
				99717B720F4C6098E5A16A85 /* Pods-LogDemoTests.release.xcconfig */,
			);
			name = Pods;
			sourceTree = "<group>";
		};
		C69753CE224BAFD79E7787EC /* Frameworks */ = {
			isa = PBXGroup;
			children = (
				C3521DA705C09602C10FEDBF /* libPods-LogDemo.a */,
				7B0C366D6AB05FB848A7DA2B /* libPods-LogDemoTests.a */,
			);
			name = Frameworks;
			sourceTree = "<group>";
		};
/* End PBXGroup section */

/* Begin PBXNativeTarget section */
		1F6ED39F1E45D67900CE30CD /* LogDemo */ = {
			isa = PBXNativeTarget;
			buildConfigurationList = 1F6ED3CD1E45D67900CE30CD /* Build configuration list for PBXNativeTarget "LogDemo" */;
			buildPhases = (
				4139DEE67001AF89EF2B357D /* [CP] Check Pods Manifest.lock */,
				1F6ED39C1E45D67900CE30CD /* Sources */,
				1F6ED39D1E45D67900CE30CD /* Frameworks */,
				1F6ED39E1E45D67900CE30CD /* Resources */,
				5E24C3BA7B9CA7FBE4C82DAD /* [CP] Embed Pods Frameworks */,
				510D0C5BE374886CE8A4FBBC /* [CP] Copy Pods Resources */,
			);
			buildRules = (
			);
			dependencies = (
			);
			name = LogDemo;
			productName = LogDemo;
			productReference = 1F6ED3A01E45D67900CE30CD /* LogDemo.app */;
			productType = "com.apple.product-type.application";
		};
		1F6ED3B81E45D67900CE30CD /* LogDemoTests */ = {
			isa = PBXNativeTarget;
			buildConfigurationList = 1F6ED3D01E45D67900CE30CD /* Build configuration list for PBXNativeTarget "LogDemoTests" */;
			buildPhases = (
				84E82298FA4D468890C96FF4 /* [CP] Check Pods Manifest.lock */,
				1F6ED3B51E45D67900CE30CD /* Sources */,
				1F6ED3B61E45D67900CE30CD /* Frameworks */,
				1F6ED3B71E45D67900CE30CD /* Resources */,
				27D03C2D10BE27279B4D29A6 /* [CP] Embed Pods Frameworks */,
				8715918D3D492F013D7DC738 /* [CP] Copy Pods Resources */,
			);
			buildRules = (
			);
			dependencies = (
				1F6ED3BB1E45D67900CE30CD /* PBXTargetDependency */,
			);
			name = LogDemoTests;
			productName = LogDemoTests;
			productReference = 1F6ED3B91E45D67900CE30CD /* LogDemoTests.xctest */;
			productType = "com.apple.product-type.bundle.unit-test";
		};
		1F6ED3C31E45D67900CE30CD /* LogDemoUITests */ = {
			isa = PBXNativeTarget;
			buildConfigurationList = 1F6ED3D31E45D67900CE30CD /* Build configuration list for PBXNativeTarget "LogDemoUITests" */;
			buildPhases = (
				1F6ED3C01E45D67900CE30CD /* Sources */,
				1F6ED3C11E45D67900CE30CD /* Frameworks */,
				1F6ED3C21E45D67900CE30CD /* Resources */,
			);
			buildRules = (
			);
			dependencies = (
				1F6ED3C61E45D67900CE30CD /* PBXTargetDependency */,
			);
			name = LogDemoUITests;
			productName = LogDemoUITests;
			productReference = 1F6ED3C41E45D67900CE30CD /* LogDemoUITests.xctest */;
			productType = "com.apple.product-type.bundle.ui-testing";
		};
/* End PBXNativeTarget section */

/* Begin PBXProject section */
		1F6ED3981E45D67900CE30CD /* Project object */ = {
			isa = PBXProject;
			attributes = {
				LastUpgradeCheck = 0820;
				ORGANIZATIONNAME = zhaofuqiang;
				TargetAttributes = {
					1F6ED39F1E45D67900CE30CD = {
						CreatedOnToolsVersion = 8.2.1;
						ProvisioningStyle = Manual;
					};
					1F6ED3B81E45D67900CE30CD = {
						CreatedOnToolsVersion = 8.2.1;
						ProvisioningStyle = Automatic;
						TestTargetID = 1F6ED39F1E45D67900CE30CD;
					};
					1F6ED3C31E45D67900CE30CD = {
						CreatedOnToolsVersion = 8.2.1;
						ProvisioningStyle = Automatic;
						TestTargetID = 1F6ED39F1E45D67900CE30CD;
					};
				};
			};
			buildConfigurationList = 1F6ED39B1E45D67900CE30CD /* Build configuration list for PBXProject "LogDemo" */;
			compatibilityVersion = "Xcode 3.2";
			developmentRegion = English;
			hasScannedForEncodings = 0;
			knownRegions = (
				en,
				Base,
			);
			mainGroup = 1F6ED3971E45D67900CE30CD;
			productRefGroup = 1F6ED3A11E45D67900CE30CD /* Products */;
			projectDirPath = "";
			projectRoot = "";
			targets = (
				1F6ED39F1E45D67900CE30CD /* LogDemo */,
				1F6ED3B81E45D67900CE30CD /* LogDemoTests */,
				1F6ED3C31E45D67900CE30CD /* LogDemoUITests */,
			);
		};
/* End PBXProject section */

/* Begin PBXResourcesBuildPhase section */
		1F6ED39E1E45D67900CE30CD /* Resources */ = {
			isa = PBXResourcesBuildPhase;
			buildActionMask = 2147483647;
			files = (
				1F6ED3B31E45D67900CE30CD /* LaunchScreen.storyboard in Resources */,
				1F1F11801EAA001F009FAED0 /* wifi.png in Resources */,
				1F6ED3B01E45D67900CE30CD /* Assets.xcassets in Resources */,
				1FB3CB4E1ED43B960092012D /* Web in Resources */,
				1F6ED3AE1E45D67900CE30CD /* Main.storyboard in Resources */,
				1F1F117E1EAA001F009FAED0 /* WiFiViewController.xib in Resources */,
			);
			runOnlyForDeploymentPostprocessing = 0;
		};
		1F6ED3B71E45D67900CE30CD /* Resources */ = {
			isa = PBXResourcesBuildPhase;
			buildActionMask = 2147483647;
			files = (
			);
			runOnlyForDeploymentPostprocessing = 0;
		};
		1F6ED3C21E45D67900CE30CD /* Resources */ = {
			isa = PBXResourcesBuildPhase;
			buildActionMask = 2147483647;
			files = (
			);
			runOnlyForDeploymentPostprocessing = 0;
		};
/* End PBXResourcesBuildPhase section */

/* Begin PBXShellScriptBuildPhase section */
		27D03C2D10BE27279B4D29A6 /* [CP] Embed Pods Frameworks */ = {
			isa = PBXShellScriptBuildPhase;
			buildActionMask = 2147483647;
			files = (
			);
			inputPaths = (
			);
			name = "[CP] Embed Pods Frameworks";
			outputPaths = (
			);
			runOnlyForDeploymentPostprocessing = 0;
			shellPath = /bin/sh;
			shellScript = "\"${SRCROOT}/Pods/Target Support Files/Pods-LogDemoTests/Pods-LogDemoTests-frameworks.sh\"\n";
			showEnvVarsInLog = 0;
		};
		4139DEE67001AF89EF2B357D /* [CP] Check Pods Manifest.lock */ = {
			isa = PBXShellScriptBuildPhase;
			buildActionMask = 2147483647;
			files = (
			);
			inputPaths = (
			);
			name = "[CP] Check Pods Manifest.lock";
			outputPaths = (
			);
			runOnlyForDeploymentPostprocessing = 0;
			shellPath = /bin/sh;
			shellScript = "diff \"${PODS_ROOT}/../Podfile.lock\" \"${PODS_ROOT}/Manifest.lock\" > /dev/null\nif [ $? != 0 ] ; then\n    # print error to STDERR\n    echo \"error: The sandbox is not in sync with the Podfile.lock. Run 'pod install' or update your CocoaPods installation.\" >&2\n    exit 1\nfi\n";
			showEnvVarsInLog = 0;
		};
		510D0C5BE374886CE8A4FBBC /* [CP] Copy Pods Resources */ = {
			isa = PBXShellScriptBuildPhase;
			buildActionMask = 2147483647;
			files = (
			);
			inputPaths = (
			);
			name = "[CP] Copy Pods Resources";
			outputPaths = (
			);
			runOnlyForDeploymentPostprocessing = 0;
			shellPath = /bin/sh;
			shellScript = "\"${SRCROOT}/Pods/Target Support Files/Pods-LogDemo/Pods-LogDemo-resources.sh\"\n";
			showEnvVarsInLog = 0;
		};
		5E24C3BA7B9CA7FBE4C82DAD /* [CP] Embed Pods Frameworks */ = {
			isa = PBXShellScriptBuildPhase;
			buildActionMask = 2147483647;
			files = (
			);
			inputPaths = (
			);
			name = "[CP] Embed Pods Frameworks";
			outputPaths = (
			);
			runOnlyForDeploymentPostprocessing = 0;
			shellPath = /bin/sh;
			shellScript = "\"${SRCROOT}/Pods/Target Support Files/Pods-LogDemo/Pods-LogDemo-frameworks.sh\"\n";
			showEnvVarsInLog = 0;
		};
		84E82298FA4D468890C96FF4 /* [CP] Check Pods Manifest.lock */ = {
			isa = PBXShellScriptBuildPhase;
			buildActionMask = 2147483647;
			files = (
			);
			inputPaths = (
			);
			name = "[CP] Check Pods Manifest.lock";
			outputPaths = (
			);
			runOnlyForDeploymentPostprocessing = 0;
			shellPath = /bin/sh;
			shellScript = "diff \"${PODS_ROOT}/../Podfile.lock\" \"${PODS_ROOT}/Manifest.lock\" > /dev/null\nif [ $? != 0 ] ; then\n    # print error to STDERR\n    echo \"error: The sandbox is not in sync with the Podfile.lock. Run 'pod install' or update your CocoaPods installation.\" >&2\n    exit 1\nfi\n";
			showEnvVarsInLog = 0;
		};
		8715918D3D492F013D7DC738 /* [CP] Copy Pods Resources */ = {
			isa = PBXShellScriptBuildPhase;
			buildActionMask = 2147483647;
			files = (
			);
			inputPaths = (
			);
			name = "[CP] Copy Pods Resources";
			outputPaths = (
			);
			runOnlyForDeploymentPostprocessing = 0;
			shellPath = /bin/sh;
			shellScript = "\"${SRCROOT}/Pods/Target Support Files/Pods-LogDemoTests/Pods-LogDemoTests-resources.sh\"\n";
			showEnvVarsInLog = 0;
		};
/* End PBXShellScriptBuildPhase section */

/* Begin PBXSourcesBuildPhase section */
		1F6ED39C1E45D67900CE30CD /* Sources */ = {
			isa = PBXSourcesBuildPhase;
			buildActionMask = 2147483647;
			files = (
				1F6ED3AB1E45D67900CE30CD /* ViewController.m in Sources */,
				1FB3CB4C1ED43AF80092012D /* ZFQLog.m in Sources */,
				1FB3CB3A1ED4392F0092012D /* CustomHTTPDataResponse.m in Sources */,
				1F6ED3A81E45D67900CE30CD /* AppDelegate.m in Sources */,
				1F6ED3A51E45D67900CE30CD /* main.m in Sources */,
				1FB3CB391ED4392F0092012D /* WiFiUploadFileManager.m in Sources */,
				1FB3CB3B1ED4392F0092012D /* CustomHTTPFileResponse.m in Sources */,
				1FB3CB361ED4392F0092012D /* WiFiUploadHTTPConnection.m in Sources */,
				1FB3CB341ED4392F0092012D /* NSString+FileHelp.m in Sources */,
				1FB3CB381ED4392F0092012D /* ZFQFileManager.m in Sources */,
				1F1F117F1EAA001F009FAED0 /* WiFiViewController.m in Sources */,
				1FB3CB351ED4392F0092012D /* NSString+IPAddress.m in Sources */,
				1FB3CB3C1ED4392F0092012D /* ServerResponseItem.m in Sources */,
				1FB3CB401ED4392F0092012D /* ZFQFileListService.m in Sources */,
				1FB3CB3D1ED4392F0092012D /* ZFQBaseService.m in Sources */,
				1FB3CB3F1ED4392F0092012D /* ZFQDeleteMutiFilesService.m in Sources */,
				1FB3CB3E1ED4392F0092012D /* ZFQDeleteAllFileService.m in Sources */,
				1FB3CB431ED4392F0092012D /* ZFQUploadFileService.m in Sources */,
				1FB3CB421ED4392F0092012D /* ZFQServiceContext.m in Sources */,
				1FB3CB371ED4392F0092012D /* ZFQDBPromise.m in Sources */,
				1FB3CB411ED4392F0092012D /* ZFQOperatorFileService.m in Sources */,
			);
			runOnlyForDeploymentPostprocessing = 0;
		};
		1F6ED3B51E45D67900CE30CD /* Sources */ = {
			isa = PBXSourcesBuildPhase;
			buildActionMask = 2147483647;
			files = (
				1F6ED3BE1E45D67900CE30CD /* LogDemoTests.m in Sources */,
			);
			runOnlyForDeploymentPostprocessing = 0;
		};
		1F6ED3C01E45D67900CE30CD /* Sources */ = {
			isa = PBXSourcesBuildPhase;
			buildActionMask = 2147483647;
			files = (
				1F6ED3C91E45D67900CE30CD /* LogDemoUITests.m in Sources */,
			);
			runOnlyForDeploymentPostprocessing = 0;
		};
/* End PBXSourcesBuildPhase section */

/* Begin PBXTargetDependency section */
		1F6ED3BB1E45D67900CE30CD /* PBXTargetDependency */ = {
			isa = PBXTargetDependency;
			target = 1F6ED39F1E45D67900CE30CD /* LogDemo */;
			targetProxy = 1F6ED3BA1E45D67900CE30CD /* PBXContainerItemProxy */;
		};
		1F6ED3C61E45D67900CE30CD /* PBXTargetDependency */ = {
			isa = PBXTargetDependency;
			target = 1F6ED39F1E45D67900CE30CD /* LogDemo */;
			targetProxy = 1F6ED3C51E45D67900CE30CD /* PBXContainerItemProxy */;
		};
/* End PBXTargetDependency section */

/* Begin PBXVariantGroup section */
		1F6ED3AC1E45D67900CE30CD /* Main.storyboard */ = {
			isa = PBXVariantGroup;
			children = (
				1F6ED3AD1E45D67900CE30CD /* Base */,
			);
			name = Main.storyboard;
			sourceTree = "<group>";
		};
		1F6ED3B11E45D67900CE30CD /* LaunchScreen.storyboard */ = {
			isa = PBXVariantGroup;
			children = (
				1F6ED3B21E45D67900CE30CD /* Base */,
			);
			name = LaunchScreen.storyboard;
			sourceTree = "<group>";
		};
/* End PBXVariantGroup section */

/* Begin XCBuildConfiguration section */
		1F6ED3CB1E45D67900CE30CD /* Debug */ = {
			isa = XCBuildConfiguration;
			buildSettings = {
				ALWAYS_SEARCH_USER_PATHS = NO;
				CLANG_ANALYZER_NONNULL = YES;
				CLANG_CXX_LANGUAGE_STANDARD = "gnu++0x";
				CLANG_CXX_LIBRARY = "libc++";
				CLANG_ENABLE_MODULES = YES;
				CLANG_ENABLE_OBJC_ARC = YES;
				CLANG_WARN_BOOL_CONVERSION = YES;
				CLANG_WARN_CONSTANT_CONVERSION = YES;
				CLANG_WARN_DIRECT_OBJC_ISA_USAGE = YES_ERROR;
				CLANG_WARN_DOCUMENTATION_COMMENTS = YES;
				CLANG_WARN_EMPTY_BODY = YES;
				CLANG_WARN_ENUM_CONVERSION = YES;
				CLANG_WARN_INFINITE_RECURSION = YES;
				CLANG_WARN_INT_CONVERSION = YES;
				CLANG_WARN_OBJC_ROOT_CLASS = YES_ERROR;
				CLANG_WARN_SUSPICIOUS_MOVE = YES;
				CLANG_WARN_UNREACHABLE_CODE = YES;
				CLANG_WARN__DUPLICATE_METHOD_MATCH = YES;
				"CODE_SIGN_IDENTITY[sdk=iphoneos*]" = "iPhone Developer";
				COPY_PHASE_STRIP = NO;
				DEBUG_INFORMATION_FORMAT = dwarf;
				ENABLE_STRICT_OBJC_MSGSEND = YES;
				ENABLE_TESTABILITY = YES;
				GCC_C_LANGUAGE_STANDARD = gnu99;
				GCC_DYNAMIC_NO_PIC = NO;
				GCC_NO_COMMON_BLOCKS = YES;
				GCC_OPTIMIZATION_LEVEL = 0;
				GCC_PREPROCESSOR_DEFINITIONS = (
					"DEBUG=1",
					"$(inherited)",
				);
				GCC_WARN_64_TO_32_BIT_CONVERSION = YES;
				GCC_WARN_ABOUT_RETURN_TYPE = YES_ERROR;
				GCC_WARN_UNDECLARED_SELECTOR = YES;
				GCC_WARN_UNINITIALIZED_AUTOS = YES_AGGRESSIVE;
				GCC_WARN_UNUSED_FUNCTION = YES;
				GCC_WARN_UNUSED_VARIABLE = YES;
				IPHONEOS_DEPLOYMENT_TARGET = 10.2;
				MTL_ENABLE_DEBUG_INFO = YES;
				ONLY_ACTIVE_ARCH = YES;
				SDKROOT = iphoneos;
			};
			name = Debug;
		};
		1F6ED3CC1E45D67900CE30CD /* Release */ = {
			isa = XCBuildConfiguration;
			buildSettings = {
				ALWAYS_SEARCH_USER_PATHS = NO;
				CLANG_ANALYZER_NONNULL = YES;
				CLANG_CXX_LANGUAGE_STANDARD = "gnu++0x";
				CLANG_CXX_LIBRARY = "libc++";
				CLANG_ENABLE_MODULES = YES;
				CLANG_ENABLE_OBJC_ARC = YES;
				CLANG_WARN_BOOL_CONVERSION = YES;
				CLANG_WARN_CONSTANT_CONVERSION = YES;
				CLANG_WARN_DIRECT_OBJC_ISA_USAGE = YES_ERROR;
				CLANG_WARN_DOCUMENTATION_COMMENTS = YES;
				CLANG_WARN_EMPTY_BODY = YES;
				CLANG_WARN_ENUM_CONVERSION = YES;
				CLANG_WARN_INFINITE_RECURSION = YES;
				CLANG_WARN_INT_CONVERSION = YES;
				CLANG_WARN_OBJC_ROOT_CLASS = YES_ERROR;
				CLANG_WARN_SUSPICIOUS_MOVE = YES;
				CLANG_WARN_UNREACHABLE_CODE = YES;
				CLANG_WARN__DUPLICATE_METHOD_MATCH = YES;
				"CODE_SIGN_IDENTITY[sdk=iphoneos*]" = "iPhone Developer";
				COPY_PHASE_STRIP = NO;
				DEBUG_INFORMATION_FORMAT = "dwarf-with-dsym";
				ENABLE_NS_ASSERTIONS = NO;
				ENABLE_STRICT_OBJC_MSGSEND = YES;
				GCC_C_LANGUAGE_STANDARD = gnu99;
				GCC_NO_COMMON_BLOCKS = YES;
				GCC_WARN_64_TO_32_BIT_CONVERSION = YES;
				GCC_WARN_ABOUT_RETURN_TYPE = YES_ERROR;
				GCC_WARN_UNDECLARED_SELECTOR = YES;
				GCC_WARN_UNINITIALIZED_AUTOS = YES_AGGRESSIVE;
				GCC_WARN_UNUSED_FUNCTION = YES;
				GCC_WARN_UNUSED_VARIABLE = YES;
				IPHONEOS_DEPLOYMENT_TARGET = 10.2;
				MTL_ENABLE_DEBUG_INFO = NO;
				SDKROOT = iphoneos;
				VALIDATE_PRODUCT = YES;
			};
			name = Release;
		};
		1F6ED3CE1E45D67900CE30CD /* Debug */ = {
			isa = XCBuildConfiguration;
			baseConfigurationReference = 4205B274AE3C6BBCCB495BE0 /* Pods-LogDemo.debug.xcconfig */;
			buildSettings = {
				ASSETCATALOG_COMPILER_APPICON_NAME = AppIcon;
				DEVELOPMENT_TEAM = "";
				INFOPLIST_FILE = LogDemo/Info.plist;
				LD_RUNPATH_SEARCH_PATHS = "$(inherited) @executable_path/Frameworks";
				PRODUCT_BUNDLE_IDENTIFIER = com.zfq.LogDemo;
				PRODUCT_NAME = "$(TARGET_NAME)";
				PROVISIONING_PROFILE_SPECIFIER = "";
			};
			name = Debug;
		};
		1F6ED3CF1E45D67900CE30CD /* Release */ = {
			isa = XCBuildConfiguration;
			baseConfigurationReference = CE8443CD79B0789455990B0E /* Pods-LogDemo.release.xcconfig */;
			buildSettings = {
				ASSETCATALOG_COMPILER_APPICON_NAME = AppIcon;
				DEVELOPMENT_TEAM = "";
				INFOPLIST_FILE = LogDemo/Info.plist;
				LD_RUNPATH_SEARCH_PATHS = "$(inherited) @executable_path/Frameworks";
				PRODUCT_BUNDLE_IDENTIFIER = com.zfq.LogDemo;
				PRODUCT_NAME = "$(TARGET_NAME)";
				PROVISIONING_PROFILE_SPECIFIER = "";
			};
			name = Release;
		};
		1F6ED3D11E45D67900CE30CD /* Debug */ = {
			isa = XCBuildConfiguration;
			baseConfigurationReference = E2A627236E8909423C7E2736 /* Pods-LogDemoTests.debug.xcconfig */;
			buildSettings = {
				BUNDLE_LOADER = "$(TEST_HOST)";
				INFOPLIST_FILE = LogDemoTests/Info.plist;
				LD_RUNPATH_SEARCH_PATHS = "$(inherited) @executable_path/Frameworks @loader_path/Frameworks";
				PRODUCT_BUNDLE_IDENTIFIER = com.zfq.LogDemoTests;
				PRODUCT_NAME = "$(TARGET_NAME)";
				TEST_HOST = "$(BUILT_PRODUCTS_DIR)/LogDemo.app/LogDemo";
			};
			name = Debug;
		};
		1F6ED3D21E45D67900CE30CD /* Release */ = {
			isa = XCBuildConfiguration;
			baseConfigurationReference = 99717B720F4C6098E5A16A85 /* Pods-LogDemoTests.release.xcconfig */;
			buildSettings = {
				BUNDLE_LOADER = "$(TEST_HOST)";
				INFOPLIST_FILE = LogDemoTests/Info.plist;
				LD_RUNPATH_SEARCH_PATHS = "$(inherited) @executable_path/Frameworks @loader_path/Frameworks";
				PRODUCT_BUNDLE_IDENTIFIER = com.zfq.LogDemoTests;
				PRODUCT_NAME = "$(TARGET_NAME)";
				TEST_HOST = "$(BUILT_PRODUCTS_DIR)/LogDemo.app/LogDemo";
			};
			name = Release;
		};
		1F6ED3D41E45D67900CE30CD /* Debug */ = {
			isa = XCBuildConfiguration;
			buildSettings = {
				INFOPLIST_FILE = LogDemoUITests/Info.plist;
				LD_RUNPATH_SEARCH_PATHS = "$(inherited) @executable_path/Frameworks @loader_path/Frameworks";
				PRODUCT_BUNDLE_IDENTIFIER = com.zfq.LogDemoUITests;
				PRODUCT_NAME = "$(TARGET_NAME)";
				TEST_TARGET_NAME = LogDemo;
			};
			name = Debug;
		};
		1F6ED3D51E45D67900CE30CD /* Release */ = {
			isa = XCBuildConfiguration;
			buildSettings = {
				INFOPLIST_FILE = LogDemoUITests/Info.plist;
				LD_RUNPATH_SEARCH_PATHS = "$(inherited) @executable_path/Frameworks @loader_path/Frameworks";
				PRODUCT_BUNDLE_IDENTIFIER = com.zfq.LogDemoUITests;
				PRODUCT_NAME = "$(TARGET_NAME)";
				TEST_TARGET_NAME = LogDemo;
			};
			name = Release;
		};
/* End XCBuildConfiguration section */

/* Begin XCConfigurationList section */
		1F6ED39B1E45D67900CE30CD /* Build configuration list for PBXProject "LogDemo" */ = {
			isa = XCConfigurationList;
			buildConfigurations = (
				1F6ED3CB1E45D67900CE30CD /* Debug */,
				1F6ED3CC1E45D67900CE30CD /* Release */,
			);
			defaultConfigurationIsVisible = 0;
			defaultConfigurationName = Release;
		};
		1F6ED3CD1E45D67900CE30CD /* Build configuration list for PBXNativeTarget "LogDemo" */ = {
			isa = XCConfigurationList;
			buildConfigurations = (
				1F6ED3CE1E45D67900CE30CD /* Debug */,
				1F6ED3CF1E45D67900CE30CD /* Release */,
			);
			defaultConfigurationIsVisible = 0;
			defaultConfigurationName = Release;
		};
		1F6ED3D01E45D67900CE30CD /* Build configuration list for PBXNativeTarget "LogDemoTests" */ = {
			isa = XCConfigurationList;
			buildConfigurations = (
				1F6ED3D11E45D67900CE30CD /* Debug */,
				1F6ED3D21E45D67900CE30CD /* Release */,
			);
			defaultConfigurationIsVisible = 0;
			defaultConfigurationName = Release;
		};
		1F6ED3D31E45D67900CE30CD /* Build configuration list for PBXNativeTarget "LogDemoUITests" */ = {
			isa = XCConfigurationList;
			buildConfigurations = (
				1F6ED3D41E45D67900CE30CD /* Debug */,
				1F6ED3D51E45D67900CE30CD /* Release */,
			);
			defaultConfigurationIsVisible = 0;
			defaultConfigurationName = Release;
		};
/* End XCConfigurationList section */
	};
	rootObject = 1F6ED3981E45D67900CE30CD /* Project object */;
}
